
Microsoft Visual Studio Solution File, Format Version 12.00
# Visual Studio Version 17
VisualStudioVersion = 17.0.32014.148
MinimumVisualStudioVersion = 10.0.40219.1
Project("{FAE04EC0-301F-11D3-BF4B-00C04F79EFBC}") = "TransportTycoon.Console", "TransportTycoon.Console\TransportTycoon.Console.csproj", "{9C49A12D-B11A-4FCF-A864-7407328A2FC6}"
EndProject
Global
	GlobalSection(SolutionConfigurationPlatforms) = preSolution
		Debug|Any CPU = Debug|Any CPU
		Release|Any CPU = Release|Any CPU
	EndGlobalSection
	GlobalSection(ProjectConfigurationPlatforms) = postSolution
		{9C49A12D-B11A-4FCF-A864-7407328A2FC6}.Debug|Any CPU.ActiveCfg = Debug|Any CPU
		{9C49A12D-B11A-4FCF-A864-7407328A2FC6}.Debug|Any CPU.Build.0 = Debug|Any CPU
		{9C49A12D-B11A-4FCF-A864-7407328A2FC6}.Release|Any CPU.ActiveCfg = Release|Any CPU
		{9C49A12D-B11A-4FCF-A864-7407328A2FC6}.Release|Any CPU.Build.0 = Release|Any CPU
	EndGlobalSection
	GlobalSection(SolutionProperties) = preSolution
		HideSolutionNode = FALSE
	EndGlobalSection
	GlobalSection(ExtensibilityGlobals) = postSolution
		SolutionGuid = {15BF7E67-E589-4B75-B9E4-4C798B4B31C4}
	EndGlobalSection
EndGlobal
